
Microsoft Visual Studio Solution File, Format Version 12.00
# Visual Studio 15
VisualStudioVersion = 15.0.27130.2036
MinimumVisualStudioVersion = 10.0.40219.1
Project("{FAE04EC0-301F-11D3-BF4B-00C04F79EFBC}") = "GymBokning01", "GymBokning01\GymBokning01.csproj", "{B8AF31BD-FB1E-4D6D-89FE-1A2B284348EF}"
EndProject
Global
	GlobalSection(SolutionConfigurationPlatforms) = preSolution
		Debug|Any CPU = Debug|Any CPU
		Release|Any CPU = Release|Any CPU
	EndGlobalSection
	GlobalSection(ProjectConfigurationPlatforms) = postSolution
		{B8AF31BD-FB1E-4D6D-89FE-1A2B284348EF}.Debug|Any CPU.ActiveCfg = Debug|Any CPU
		{B8AF31BD-FB1E-4D6D-89FE-1A2B284348EF}.Debug|Any CPU.Build.0 = Debug|Any CPU
		{B8AF31BD-FB1E-4D6D-89FE-1A2B284348EF}.Release|Any CPU.ActiveCfg = Release|Any CPU
		{B8AF31BD-FB1E-4D6D-89FE-1A2B284348EF}.Release|Any CPU.Build.0 = Release|Any CPU
	EndGlobalSection
	GlobalSection(SolutionProperties) = preSolution
		HideSolutionNode = FALSE
	EndGlobalSection
	GlobalSection(ExtensibilityGlobals) = postSolution
		SolutionGuid = {E0BAB43D-D551-4D0E-98B0-8ECD1D104D4A}
	EndGlobalSection
EndGlobal
